
Microsoft Visual Studio Solution File, Format Version 12.00
# Visual Studio Version 17
VisualStudioVersion = 17.6.33829.357
MinimumVisualStudioVersion = 10.0.40219.1
Project("{FAE04EC0-301F-11D3-BF4B-00C04F79EFBC}") = "HW5-2", "HW5-2\HW5-2.csproj", "{1F0DF6A1-DC1B-4C7B-B434-E871BA3D7205}"
EndProject
Global
	GlobalSection(SolutionConfigurationPlatforms) = preSolution
		Debug|Any CPU = Debug|Any CPU
		Release|Any CPU = Release|Any CPU
	EndGlobalSection
	GlobalSection(ProjectConfigurationPlatforms) = postSolution
		{1F0DF6A1-DC1B-4C7B-B434-E871BA3D7205}.Debug|Any CPU.ActiveCfg = Debug|Any CPU
		{1F0DF6A1-DC1B-4C7B-B434-E871BA3D7205}.Debug|Any CPU.Build.0 = Debug|Any CPU
		{1F0DF6A1-DC1B-4C7B-B434-E871BA3D7205}.Release|Any CPU.ActiveCfg = Release|Any CPU
		{1F0DF6A1-DC1B-4C7B-B434-E871BA3D7205}.Release|Any CPU.Build.0 = Release|Any CPU
	EndGlobalSection
	GlobalSection(SolutionProperties) = preSolution
		HideSolutionNode = FALSE
	EndGlobalSection
	GlobalSection(ExtensibilityGlobals) = postSolution
		SolutionGuid = {12B88115-C1E4-42D7-89E5-16E0FCD907BD}
	EndGlobalSection
EndGlobal
